
Microsoft Visual Studio Solution File, Format Version 12.00
# Visual Studio Version 16
VisualStudioVersion = 16.0.31515.178
MinimumVisualStudioVersion = 10.0.40219.1
Project("{FAE04EC0-301F-11D3-BF4B-00C04F79EFBC}") = "Shromik Lagbe v1.00", "Shromik Lagbe v1.00\Shromik Lagbe v1.00.csproj", "{9E6181FF-660B-4036-87CA-9445DE6FB7D8}"
EndProject
Project("{54435603-DBB4-11D2-8724-00A0C9A8B90C}") = "Shromik Lagbe v01", "Shromik Lagbe v01\Shromik Lagbe v01.vdproj", "{63A27FB5-68A4-44AA-89D6-2CA38C3BB2F5}"
EndProject
Global
	GlobalSection(SolutionConfigurationPlatforms) = preSolution
		Debug|Any CPU = Debug|Any CPU
		Release|Any CPU = Release|Any CPU
	EndGlobalSection
	GlobalSection(ProjectConfigurationPlatforms) = postSolution
		{9E6181FF-660B-4036-87CA-9445DE6FB7D8}.Debug|Any CPU.ActiveCfg = Debug|Any CPU
		{9E6181FF-660B-4036-87CA-9445DE6FB7D8}.Debug|Any CPU.Build.0 = Debug|Any CPU
		{9E6181FF-660B-4036-87CA-9445DE6FB7D8}.Release|Any CPU.ActiveCfg = Release|Any CPU
		{9E6181FF-660B-4036-87CA-9445DE6FB7D8}.Release|Any CPU.Build.0 = Release|Any CPU
		{63A27FB5-68A4-44AA-89D6-2CA38C3BB2F5}.Debug|Any CPU.ActiveCfg = Debug
		{63A27FB5-68A4-44AA-89D6-2CA38C3BB2F5}.Release|Any CPU.ActiveCfg = Release
	EndGlobalSection
	GlobalSection(SolutionProperties) = preSolution
		HideSolutionNode = FALSE
	EndGlobalSection
	GlobalSection(ExtensibilityGlobals) = postSolution
		SolutionGuid = {4F756B64-8C1C-48EB-B27D-870BD03818B4}
	EndGlobalSection
EndGlobal
